// !$*UTF8*$!
{
	archiveVersion = 1;
	classes = {
	};
	objectVersion = 56;
	objects = {

/* Begin PBXBuildFile section */
		65359A242ABE7A80008EBC90 /* FollowerListVC.swift in Sources */ = {isa = PBXBuildFile; fileRef = 65359A232ABE7A7F008EBC90 /* FollowerListVC.swift */; };
		65359A262ABE7F15008EBC90 /* GFTitleLabel.swift in Sources */ = {isa = PBXBuildFile; fileRef = 65359A252ABE7F15008EBC90 /* GFTitleLabel.swift */; };
		65359A282ABE8027008EBC90 /* GFBodyLabel.swift in Sources */ = {isa = PBXBuildFile; fileRef = 65359A272ABE8027008EBC90 /* GFBodyLabel.swift */; };
		65359A2A2ABE80BA008EBC90 /* GFAlertVC.swift in Sources */ = {isa = PBXBuildFile; fileRef = 65359A292ABE80BA008EBC90 /* GFAlertVC.swift */; };
		65359A2C2ABE850B008EBC90 /* UIViewController+.swift in Sources */ = {isa = PBXBuildFile; fileRef = 65359A2B2ABE850B008EBC90 /* UIViewController+.swift */; };
		65359A332ABF799F008EBC90 /* Follower.swift in Sources */ = {isa = PBXBuildFile; fileRef = 65359A322ABF799F008EBC90 /* Follower.swift */; };
		65359A352ABF7A86008EBC90 /* User.swift in Sources */ = {isa = PBXBuildFile; fileRef = 65359A342ABF7A86008EBC90 /* User.swift */; };
		65359A382ABF7E49008EBC90 /* NetworkManager.swift in Sources */ = {isa = PBXBuildFile; fileRef = 65359A372ABF7E49008EBC90 /* NetworkManager.swift */; };
		65359A3B2ABF89EF008EBC90 /* GFError.swift in Sources */ = {isa = PBXBuildFile; fileRef = 65359A3A2ABF89EF008EBC90 /* GFError.swift */; };
		65359A3E2ABFB28A008EBC90 /* FollowerCell.swift in Sources */ = {isa = PBXBuildFile; fileRef = 65359A3D2ABFB28A008EBC90 /* FollowerCell.swift */; };
		65359A402ABFB2EB008EBC90 /* GFAvatarImageView.swift in Sources */ = {isa = PBXBuildFile; fileRef = 65359A3F2ABFB2EB008EBC90 /* GFAvatarImageView.swift */; };
		65359A422ABFE624008EBC90 /* UIHelper.swift in Sources */ = {isa = PBXBuildFile; fileRef = 65359A412ABFE624008EBC90 /* UIHelper.swift */; };
		65359A4A2AC001FF008EBC90 /* GFEmptyStateView.swift in Sources */ = {isa = PBXBuildFile; fileRef = 65359A492AC001FF008EBC90 /* GFEmptyStateView.swift */; };
		6558BBC22AC3D60100B931C6 /* GFItemInfoView.swift in Sources */ = {isa = PBXBuildFile; fileRef = 6558BBC12AC3D60100B931C6 /* GFItemInfoView.swift */; };
		6558BBC42AC3DFBC00B931C6 /* GFItemInfoVC.swift in Sources */ = {isa = PBXBuildFile; fileRef = 6558BBC32AC3DFBC00B931C6 /* GFItemInfoVC.swift */; };
		6558BBC62AC3E1C800B931C6 /* GFRepoItemVC.swift in Sources */ = {isa = PBXBuildFile; fileRef = 6558BBC52AC3E1C800B931C6 /* GFRepoItemVC.swift */; };
		6558BBC82AC3E30500B931C6 /* GFFollowerItemVC.swift in Sources */ = {isa = PBXBuildFile; fileRef = 6558BBC72AC3E30500B931C6 /* GFFollowerItemVC.swift */; };
		6558BBCB2AC3E86C00B931C6 /* Date+.swift in Sources */ = {isa = PBXBuildFile; fileRef = 6558BBCA2AC3E86C00B931C6 /* Date+.swift */; };
		6558BBCD2AC3E89700B931C6 /* String+.swift in Sources */ = {isa = PBXBuildFile; fileRef = 6558BBCC2AC3E89700B931C6 /* String+.swift */; };
		6592A3722AC66BF800749727 /* GFTabBarController.swift in Sources */ = {isa = PBXBuildFile; fileRef = 6592A3712AC66BF800749727 /* GFTabBarController.swift */; };
		659A6B0E2ABD5D05001FED64 /* GFButton.swift in Sources */ = {isa = PBXBuildFile; fileRef = 659A6B0D2ABD5D05001FED64 /* GFButton.swift */; };
		65ACB6B52AC52F8A00D08DF2 /* PersistenceManager.swift in Sources */ = {isa = PBXBuildFile; fileRef = 65ACB6B42AC52F8A00D08DF2 /* PersistenceManager.swift */; };
		65ACB6B72AC539E700D08DF2 /* FavoriteCell.swift in Sources */ = {isa = PBXBuildFile; fileRef = 65ACB6B62AC539E700D08DF2 /* FavoriteCell.swift */; };
		65E984022AC0DCD30076A566 /* UserInfoVC.swift in Sources */ = {isa = PBXBuildFile; fileRef = 65E984012AC0DCD30076A566 /* UserInfoVC.swift */; };
		65E984042AC0E3C60076A566 /* GFUserInfoHeaderVC.swift in Sources */ = {isa = PBXBuildFile; fileRef = 65E984032AC0E3C60076A566 /* GFUserInfoHeaderVC.swift */; };
		65E984062AC0E4110076A566 /* GFSecondaryTitleLabel.swift in Sources */ = {isa = PBXBuildFile; fileRef = 65E984052AC0E4110076A566 /* GFSecondaryTitleLabel.swift */; };
		65E984082AC0E9960076A566 /* Constants.swift in Sources */ = {isa = PBXBuildFile; fileRef = 65E984072AC0E9960076A566 /* Constants.swift */; };
		65F9E8682ABC0AFD0003E144 /* AppDelegate.swift in Sources */ = {isa = PBXBuildFile; fileRef = 65F9E8672ABC0AFD0003E144 /* AppDelegate.swift */; };
		65F9E86A2ABC0AFD0003E144 /* SceneDelegate.swift in Sources */ = {isa = PBXBuildFile; fileRef = 65F9E8692ABC0AFD0003E144 /* SceneDelegate.swift */; };
		65F9E8712ABC0AFE0003E144 /* Assets.xcassets in Resources */ = {isa = PBXBuildFile; fileRef = 65F9E8702ABC0AFE0003E144 /* Assets.xcassets */; };
		65F9E8742ABC0AFE0003E144 /* LaunchScreen.storyboard in Resources */ = {isa = PBXBuildFile; fileRef = 65F9E8722ABC0AFE0003E144 /* LaunchScreen.storyboard */; };
		65F9E87C2ABC121A0003E144 /* SearchVC.swift in Sources */ = {isa = PBXBuildFile; fileRef = 65F9E87B2ABC121A0003E144 /* SearchVC.swift */; };
		65F9E87E2ABC123D0003E144 /* FavoritesListVC.swift in Sources */ = {isa = PBXBuildFile; fileRef = 65F9E87D2ABC123D0003E144 /* FavoritesListVC.swift */; };
		65FF3FA12ABD622E00764E27 /* GFTextField.swift in Sources */ = {isa = PBXBuildFile; fileRef = 65FF3FA02ABD622E00764E27 /* GFTextField.swift */; };
/* End PBXBuildFile section */

/* Begin PBXFileReference section */
		65359A232ABE7A7F008EBC90 /* FollowerListVC.swift */ = {isa = PBXFileReference; lastKnownFileType = sourcecode.swift; path = FollowerListVC.swift; sourceTree = "<group>"; };
		65359A252ABE7F15008EBC90 /* GFTitleLabel.swift */ = {isa = PBXFileReference; lastKnownFileType = sourcecode.swift; path = GFTitleLabel.swift; sourceTree = "<group>"; };
		65359A272ABE8027008EBC90 /* GFBodyLabel.swift */ = {isa = PBXFileReference; lastKnownFileType = sourcecode.swift; path = GFBodyLabel.swift; sourceTree = "<group>"; };
		65359A292ABE80BA008EBC90 /* GFAlertVC.swift */ = {isa = PBXFileReference; lastKnownFileType = sourcecode.swift; path = GFAlertVC.swift; sourceTree = "<group>"; };
		65359A2B2ABE850B008EBC90 /* UIViewController+.swift */ = {isa = PBXFileReference; lastKnownFileType = sourcecode.swift; path = "UIViewController+.swift"; sourceTree = "<group>"; };
		65359A322ABF799F008EBC90 /* Follower.swift */ = {isa = PBXFileReference; lastKnownFileType = sourcecode.swift; path = Follower.swift; sourceTree = "<group>"; };
		65359A342ABF7A86008EBC90 /* User.swift */ = {isa = PBXFileReference; lastKnownFileType = sourcecode.swift; path = User.swift; sourceTree = "<group>"; };
		65359A372ABF7E49008EBC90 /* NetworkManager.swift */ = {isa = PBXFileReference; lastKnownFileType = sourcecode.swift; path = NetworkManager.swift; sourceTree = "<group>"; };
		65359A3A2ABF89EF008EBC90 /* GFError.swift */ = {isa = PBXFileReference; lastKnownFileType = sourcecode.swift; path = GFError.swift; sourceTree = "<group>"; };
		65359A3D2ABFB28A008EBC90 /* FollowerCell.swift */ = {isa = PBXFileReference; lastKnownFileType = sourcecode.swift; path = FollowerCell.swift; sourceTree = "<group>"; };
		65359A3F2ABFB2EB008EBC90 /* GFAvatarImageView.swift */ = {isa = PBXFileReference; lastKnownFileType = sourcecode.swift; path = GFAvatarImageView.swift; sourceTree = "<group>"; };
		65359A412ABFE624008EBC90 /* UIHelper.swift */ = {isa = PBXFileReference; lastKnownFileType = sourcecode.swift; path = UIHelper.swift; sourceTree = "<group>"; };
		65359A492AC001FF008EBC90 /* GFEmptyStateView.swift */ = {isa = PBXFileReference; lastKnownFileType = sourcecode.swift; path = GFEmptyStateView.swift; sourceTree = "<group>"; };
		6558BBC12AC3D60100B931C6 /* GFItemInfoView.swift */ = {isa = PBXFileReference; lastKnownFileType = sourcecode.swift; path = GFItemInfoView.swift; sourceTree = "<group>"; };
		6558BBC32AC3DFBC00B931C6 /* GFItemInfoVC.swift */ = {isa = PBXFileReference; lastKnownFileType = sourcecode.swift; path = GFItemInfoVC.swift; sourceTree = "<group>"; };
		6558BBC52AC3E1C800B931C6 /* GFRepoItemVC.swift */ = {isa = PBXFileReference; lastKnownFileType = sourcecode.swift; path = GFRepoItemVC.swift; sourceTree = "<group>"; };
		6558BBC72AC3E30500B931C6 /* GFFollowerItemVC.swift */ = {isa = PBXFileReference; lastKnownFileType = sourcecode.swift; path = GFFollowerItemVC.swift; sourceTree = "<group>"; };
		6558BBCA2AC3E86C00B931C6 /* Date+.swift */ = {isa = PBXFileReference; lastKnownFileType = sourcecode.swift; path = "Date+.swift"; sourceTree = "<group>"; };
		6558BBCC2AC3E89700B931C6 /* String+.swift */ = {isa = PBXFileReference; lastKnownFileType = sourcecode.swift; path = "String+.swift"; sourceTree = "<group>"; };
		6592A3712AC66BF800749727 /* GFTabBarController.swift */ = {isa = PBXFileReference; lastKnownFileType = sourcecode.swift; path = GFTabBarController.swift; sourceTree = "<group>"; };
		659A6B0D2ABD5D05001FED64 /* GFButton.swift */ = {isa = PBXFileReference; lastKnownFileType = sourcecode.swift; path = GFButton.swift; sourceTree = "<group>"; };
		65ACB6B42AC52F8A00D08DF2 /* PersistenceManager.swift */ = {isa = PBXFileReference; lastKnownFileType = sourcecode.swift; path = PersistenceManager.swift; sourceTree = "<group>"; };
		65ACB6B62AC539E700D08DF2 /* FavoriteCell.swift */ = {isa = PBXFileReference; lastKnownFileType = sourcecode.swift; path = FavoriteCell.swift; sourceTree = "<group>"; };
		65E984012AC0DCD30076A566 /* UserInfoVC.swift */ = {isa = PBXFileReference; lastKnownFileType = sourcecode.swift; path = UserInfoVC.swift; sourceTree = "<group>"; };
		65E984032AC0E3C60076A566 /* GFUserInfoHeaderVC.swift */ = {isa = PBXFileReference; lastKnownFileType = sourcecode.swift; path = GFUserInfoHeaderVC.swift; sourceTree = "<group>"; };
		65E984052AC0E4110076A566 /* GFSecondaryTitleLabel.swift */ = {isa = PBXFileReference; lastKnownFileType = sourcecode.swift; path = GFSecondaryTitleLabel.swift; sourceTree = "<group>"; };
		65E984072AC0E9960076A566 /* Constants.swift */ = {isa = PBXFileReference; lastKnownFileType = sourcecode.swift; path = Constants.swift; sourceTree = "<group>"; };
		65F9E8642ABC0AFD0003E144 /* GHFollowers.app */ = {isa = PBXFileReference; explicitFileType = wrapper.application; includeInIndex = 0; path = GHFollowers.app; sourceTree = BUILT_PRODUCTS_DIR; };
		65F9E8672ABC0AFD0003E144 /* AppDelegate.swift */ = {isa = PBXFileReference; lastKnownFileType = sourcecode.swift; path = AppDelegate.swift; sourceTree = "<group>"; };
		65F9E8692ABC0AFD0003E144 /* SceneDelegate.swift */ = {isa = PBXFileReference; lastKnownFileType = sourcecode.swift; path = SceneDelegate.swift; sourceTree = "<group>"; };
		65F9E8702ABC0AFE0003E144 /* Assets.xcassets */ = {isa = PBXFileReference; lastKnownFileType = folder.assetcatalog; path = Assets.xcassets; sourceTree = "<group>"; };
		65F9E8732ABC0AFE0003E144 /* Base */ = {isa = PBXFileReference; lastKnownFileType = file.storyboard; name = Base; path = Base.lproj/LaunchScreen.storyboard; sourceTree = "<group>"; };
		65F9E8752ABC0AFE0003E144 /* Info.plist */ = {isa = PBXFileReference; lastKnownFileType = text.plist.xml; path = Info.plist; sourceTree = "<group>"; };
		65F9E87B2ABC121A0003E144 /* SearchVC.swift */ = {isa = PBXFileReference; lastKnownFileType = sourcecode.swift; path = SearchVC.swift; sourceTree = "<group>"; };
		65F9E87D2ABC123D0003E144 /* FavoritesListVC.swift */ = {isa = PBXFileReference; lastKnownFileType = sourcecode.swift; path = FavoritesListVC.swift; sourceTree = "<group>"; };
		65FF3FA02ABD622E00764E27 /* GFTextField.swift */ = {isa = PBXFileReference; lastKnownFileType = sourcecode.swift; path = GFTextField.swift; sourceTree = "<group>"; };
/* End PBXFileReference section */

/* Begin PBXFrameworksBuildPhase section */
		65F9E8612ABC0AFD0003E144 /* Frameworks */ = {
			isa = PBXFrameworksBuildPhase;
			buildActionMask = 2147483647;
			files = (
			);
			runOnlyForDeploymentPostprocessing = 0;
		};
/* End PBXFrameworksBuildPhase section */

/* Begin PBXGroup section */
		65359A2D2ABE87AA008EBC90 /* Controllers */ = {
			isa = PBXGroup;
			children = (
				65F9E87D2ABC123D0003E144 /* FavoritesListVC.swift */,
				65359A232ABE7A7F008EBC90 /* FollowerListVC.swift */,
				65F9E87B2ABC121A0003E144 /* SearchVC.swift */,
				65E984012AC0DCD30076A566 /* UserInfoVC.swift */,
			);
			path = Controllers;
			sourceTree = "<group>";
		};
		65359A2E2ABE87D7008EBC90 /* Views */ = {
			isa = PBXGroup;
			children = (
				6592A3702AC66BE000749727 /* TabBarControllers */,
				65359A482AC001D4008EBC90 /* Labels */,
				65359A472AC001C4008EBC90 /* CustomViews */,
				65359A462AC001BF008EBC90 /* ViewControllers */,
				65359A452AC001BB008EBC90 /* ImageViews */,
				65359A442AC001B6008EBC90 /* TextFields */,
				65359A432AC001AD008EBC90 /* Buttons */,
				65359A3C2ABFB26D008EBC90 /* Cells */,
			);
			path = Views;
			sourceTree = "<group>";
		};
		65359A2F2ABE87FA008EBC90 /* Extension */ = {
			isa = PBXGroup;
			children = (
				6558BBCA2AC3E86C00B931C6 /* Date+.swift */,
				6558BBCC2AC3E89700B931C6 /* String+.swift */,
				65359A2B2ABE850B008EBC90 /* UIViewController+.swift */,
			);
			path = Extension;
			sourceTree = "<group>";
		};
		65359A302ABE8817008EBC90 /* Model */ = {
			isa = PBXGroup;
			children = (
				65359A322ABF799F008EBC90 /* Follower.swift */,
				65359A342ABF7A86008EBC90 /* User.swift */,
			);
			path = Model;
			sourceTree = "<group>";
		};
		65359A312ABE8849008EBC90 /* Support */ = {
			isa = PBXGroup;
			children = (
				65F9E8672ABC0AFD0003E144 /* AppDelegate.swift */,
				65F9E8692ABC0AFD0003E144 /* SceneDelegate.swift */,
				65F9E8702ABC0AFE0003E144 /* Assets.xcassets */,
				65F9E8722ABC0AFE0003E144 /* LaunchScreen.storyboard */,
			);
			path = Support;
			sourceTree = "<group>";
		};
		65359A362ABF7E37008EBC90 /* Managers */ = {
			isa = PBXGroup;
			children = (
				65359A372ABF7E49008EBC90 /* NetworkManager.swift */,
				65ACB6B42AC52F8A00D08DF2 /* PersistenceManager.swift */,
			);
			path = Managers;
			sourceTree = "<group>";
		};
		65359A392ABF89E0008EBC90 /* Utilities */ = {
			isa = PBXGroup;
			children = (
				65359A3A2ABF89EF008EBC90 /* GFError.swift */,
				65359A412ABFE624008EBC90 /* UIHelper.swift */,
				65E984072AC0E9960076A566 /* Constants.swift */,
			);
			path = Utilities;
			sourceTree = "<group>";
		};
		65359A3C2ABFB26D008EBC90 /* Cells */ = {
			isa = PBXGroup;
			children = (
				65ACB6B62AC539E700D08DF2 /* FavoriteCell.swift */,
				65359A3D2ABFB28A008EBC90 /* FollowerCell.swift */,
			);
			path = Cells;
			sourceTree = "<group>";
		};
		65359A432AC001AD008EBC90 /* Buttons */ = {
			isa = PBXGroup;
			children = (
				659A6B0D2ABD5D05001FED64 /* GFButton.swift */,
			);
			path = Buttons;
			sourceTree = "<group>";
		};
		65359A442AC001B6008EBC90 /* TextFields */ = {
			isa = PBXGroup;
			children = (
				65FF3FA02ABD622E00764E27 /* GFTextField.swift */,
			);
			path = TextFields;
			sourceTree = "<group>";
		};
		65359A452AC001BB008EBC90 /* ImageViews */ = {
			isa = PBXGroup;
			children = (
				65359A3F2ABFB2EB008EBC90 /* GFAvatarImageView.swift */,
			);
			path = ImageViews;
			sourceTree = "<group>";
		};
		65359A462AC001BF008EBC90 /* ViewControllers */ = {
			isa = PBXGroup;
			children = (
				6558BBC92AC3E34500B931C6 /* ItemInfoVCs */,
				65359A292ABE80BA008EBC90 /* GFAlertVC.swift */,
				65E984032AC0E3C60076A566 /* GFUserInfoHeaderVC.swift */,
			);
			path = ViewControllers;
			sourceTree = "<group>";
		};
		65359A472AC001C4008EBC90 /* CustomViews */ = {
			isa = PBXGroup;
			children = (
				65359A492AC001FF008EBC90 /* GFEmptyStateView.swift */,
				6558BBC12AC3D60100B931C6 /* GFItemInfoView.swift */,
			);
			path = CustomViews;
			sourceTree = "<group>";
		};
		65359A482AC001D4008EBC90 /* Labels */ = {
			isa = PBXGroup;
			children = (
				65359A272ABE8027008EBC90 /* GFBodyLabel.swift */,
				65E984052AC0E4110076A566 /* GFSecondaryTitleLabel.swift */,
				65359A252ABE7F15008EBC90 /* GFTitleLabel.swift */,
			);
			path = Labels;
			sourceTree = "<group>";
		};
		6558BBC92AC3E34500B931C6 /* ItemInfoVCs */ = {
			isa = PBXGroup;
			children = (
				6558BBC32AC3DFBC00B931C6 /* GFItemInfoVC.swift */,
				6558BBC52AC3E1C800B931C6 /* GFRepoItemVC.swift */,
				6558BBC72AC3E30500B931C6 /* GFFollowerItemVC.swift */,
			);
			path = ItemInfoVCs;
			sourceTree = "<group>";
		};
		6592A3702AC66BE000749727 /* TabBarControllers */ = {
			isa = PBXGroup;
			children = (
				6592A3712AC66BF800749727 /* GFTabBarController.swift */,
			);
			path = TabBarControllers;
			sourceTree = "<group>";
		};
		65F9E85B2ABC0AFD0003E144 = {
			isa = PBXGroup;
			children = (
				65F9E8662ABC0AFD0003E144 /* GHFollowers */,
				65F9E8652ABC0AFD0003E144 /* Products */,
			);
			sourceTree = "<group>";
		};
		65F9E8652ABC0AFD0003E144 /* Products */ = {
			isa = PBXGroup;
			children = (
				65F9E8642ABC0AFD0003E144 /* GHFollowers.app */,
			);
			name = Products;
			sourceTree = "<group>";
		};
		65F9E8662ABC0AFD0003E144 /* GHFollowers */ = {
			isa = PBXGroup;
			children = (
				65359A392ABF89E0008EBC90 /* Utilities */,
				65359A362ABF7E37008EBC90 /* Managers */,
				65359A2F2ABE87FA008EBC90 /* Extension */,
				65359A302ABE8817008EBC90 /* Model */,
				65359A2E2ABE87D7008EBC90 /* Views */,
				65359A2D2ABE87AA008EBC90 /* Controllers */,
				65359A312ABE8849008EBC90 /* Support */,
				65F9E8752ABC0AFE0003E144 /* Info.plist */,
			);
			path = GHFollowers;
			sourceTree = "<group>";
		};
/* End PBXGroup section */

/* Begin PBXNativeTarget section */
		65F9E8632ABC0AFD0003E144 /* GHFollowers */ = {
			isa = PBXNativeTarget;
			buildConfigurationList = 65F9E8782ABC0AFE0003E144 /* Build configuration list for PBXNativeTarget "GHFollowers" */;
			buildPhases = (
				65F9E8602ABC0AFD0003E144 /* Sources */,
				65F9E8612ABC0AFD0003E144 /* Frameworks */,
				65F9E8622ABC0AFD0003E144 /* Resources */,
			);
			buildRules = (
			);
			dependencies = (
			);
			name = GHFollowers;
			productName = GHFollowers;
			productReference = 65F9E8642ABC0AFD0003E144 /* GHFollowers.app */;
			productType = "com.apple.product-type.application";
		};
/* End PBXNativeTarget section */

/* Begin PBXProject section */
		65F9E85C2ABC0AFD0003E144 /* Project object */ = {
			isa = PBXProject;
			attributes = {
				BuildIndependentTargetsInParallel = 1;
				LastSwiftUpdateCheck = 1500;
				LastUpgradeCheck = 1500;
				TargetAttributes = {
					65F9E8632ABC0AFD0003E144 = {
						CreatedOnToolsVersion = 15.0;
					};
				};
			};
			buildConfigurationList = 65F9E85F2ABC0AFD0003E144 /* Build configuration list for PBXProject "GHFollowers" */;
			compatibilityVersion = "Xcode 14.0";
			developmentRegion = en;
			hasScannedForEncodings = 0;
			knownRegions = (
				en,
				Base,
			);
			mainGroup = 65F9E85B2ABC0AFD0003E144;
			productRefGroup = 65F9E8652ABC0AFD0003E144 /* Products */;
			projectDirPath = "";
			projectRoot = "";
			targets = (
				65F9E8632ABC0AFD0003E144 /* GHFollowers */,
			);
		};
/* End PBXProject section */

/* Begin PBXResourcesBuildPhase section */
		65F9E8622ABC0AFD0003E144 /* Resources */ = {
			isa = PBXResourcesBuildPhase;
			buildActionMask = 2147483647;
			files = (
				65F9E8742ABC0AFE0003E144 /* LaunchScreen.storyboard in Resources */,
				65F9E8712ABC0AFE0003E144 /* Assets.xcassets in Resources */,
			);
			runOnlyForDeploymentPostprocessing = 0;
		};
/* End PBXResourcesBuildPhase section */

/* Begin PBXSourcesBuildPhase section */
		65F9E8602ABC0AFD0003E144 /* Sources */ = {
			isa = PBXSourcesBuildPhase;
			buildActionMask = 2147483647;
			files = (
				65359A352ABF7A86008EBC90 /* User.swift in Sources */,
				65FF3FA12ABD622E00764E27 /* GFTextField.swift in Sources */,
				65F9E87E2ABC123D0003E144 /* FavoritesListVC.swift in Sources */,
				6558BBC82AC3E30500B931C6 /* GFFollowerItemVC.swift in Sources */,
				659A6B0E2ABD5D05001FED64 /* GFButton.swift in Sources */,
				65F9E87C2ABC121A0003E144 /* SearchVC.swift in Sources */,
				65359A422ABFE624008EBC90 /* UIHelper.swift in Sources */,
				6558BBCB2AC3E86C00B931C6 /* Date+.swift in Sources */,
				6558BBC42AC3DFBC00B931C6 /* GFItemInfoVC.swift in Sources */,
				65E984082AC0E9960076A566 /* Constants.swift in Sources */,
				65359A402ABFB2EB008EBC90 /* GFAvatarImageView.swift in Sources */,
				65359A2A2ABE80BA008EBC90 /* GFAlertVC.swift in Sources */,
				65359A282ABE8027008EBC90 /* GFBodyLabel.swift in Sources */,
				6558BBC22AC3D60100B931C6 /* GFItemInfoView.swift in Sources */,
				65ACB6B72AC539E700D08DF2 /* FavoriteCell.swift in Sources */,
				65359A3E2ABFB28A008EBC90 /* FollowerCell.swift in Sources */,
				6592A3722AC66BF800749727 /* GFTabBarController.swift in Sources */,
				65359A3B2ABF89EF008EBC90 /* GFError.swift in Sources */,
				65E984042AC0E3C60076A566 /* GFUserInfoHeaderVC.swift in Sources */,
				65359A262ABE7F15008EBC90 /* GFTitleLabel.swift in Sources */,
				65359A332ABF799F008EBC90 /* Follower.swift in Sources */,
				65359A242ABE7A80008EBC90 /* FollowerListVC.swift in Sources */,
				65E984062AC0E4110076A566 /* GFSecondaryTitleLabel.swift in Sources */,
				65ACB6B52AC52F8A00D08DF2 /* PersistenceManager.swift in Sources */,
				65359A4A2AC001FF008EBC90 /* GFEmptyStateView.swift in Sources */,
				65359A382ABF7E49008EBC90 /* NetworkManager.swift in Sources */,
				65359A2C2ABE850B008EBC90 /* UIViewController+.swift in Sources */,
				65F9E8682ABC0AFD0003E144 /* AppDelegate.swift in Sources */,
				6558BBCD2AC3E89700B931C6 /* String+.swift in Sources */,
				65F9E86A2ABC0AFD0003E144 /* SceneDelegate.swift in Sources */,
				6558BBC62AC3E1C800B931C6 /* GFRepoItemVC.swift in Sources */,
				65E984022AC0DCD30076A566 /* UserInfoVC.swift in Sources */,
			);
			runOnlyForDeploymentPostprocessing = 0;
		};
/* End PBXSourcesBuildPhase section */

/* Begin PBXVariantGroup section */
		65F9E8722ABC0AFE0003E144 /* LaunchScreen.storyboard */ = {
			isa = PBXVariantGroup;
			children = (
				65F9E8732ABC0AFE0003E144 /* Base */,
			);
			name = LaunchScreen.storyboard;
			sourceTree = "<group>";
		};
/* End PBXVariantGroup section */

/* Begin XCBuildConfiguration section */
		65F9E8762ABC0AFE0003E144 /* Debug */ = {
			isa = XCBuildConfiguration;
			buildSettings = {
				ALWAYS_SEARCH_USER_PATHS = NO;
				ASSETCATALOG_COMPILER_GENERATE_SWIFT_ASSET_SYMBOL_EXTENSIONS = YES;
				CLANG_ANALYZER_NONNULL = YES;
				CLANG_ANALYZER_NUMBER_OBJECT_CONVERSION = YES_AGGRESSIVE;
				CLANG_CXX_LANGUAGE_STANDARD = "gnu++20";
				CLANG_ENABLE_MODULES = YES;
				CLANG_ENABLE_OBJC_ARC = YES;
				CLANG_ENABLE_OBJC_WEAK = YES;
				CLANG_WARN_BLOCK_CAPTURE_AUTORELEASING = YES;
				CLANG_WARN_BOOL_CONVERSION = YES;
				CLANG_WARN_COMMA = YES;
				CLANG_WARN_CONSTANT_CONVERSION = YES;
				CLANG_WARN_DEPRECATED_OBJC_IMPLEMENTATIONS = YES;
				CLANG_WARN_DIRECT_OBJC_ISA_USAGE = YES_ERROR;
				CLANG_WARN_DOCUMENTATION_COMMENTS = YES;
				CLANG_WARN_EMPTY_BODY = YES;
				CLANG_WARN_ENUM_CONVERSION = YES;
				CLANG_WARN_INFINITE_RECURSION = YES;
				CLANG_WARN_INT_CONVERSION = YES;
				CLANG_WARN_NON_LITERAL_NULL_CONVERSION = YES;
				CLANG_WARN_OBJC_IMPLICIT_RETAIN_SELF = YES;
				CLANG_WARN_OBJC_LITERAL_CONVERSION = YES;
				CLANG_WARN_OBJC_ROOT_CLASS = YES_ERROR;
				CLANG_WARN_QUOTED_INCLUDE_IN_FRAMEWORK_HEADER = YES;
				CLANG_WARN_RANGE_LOOP_ANALYSIS = YES;
				CLANG_WARN_STRICT_PROTOTYPES = YES;
				CLANG_WARN_SUSPICIOUS_MOVE = YES;
				CLANG_WARN_UNGUARDED_AVAILABILITY = YES_AGGRESSIVE;
				CLANG_WARN_UNREACHABLE_CODE = YES;
				CLANG_WARN__DUPLICATE_METHOD_MATCH = YES;
				COPY_PHASE_STRIP = NO;
				DEBUG_INFORMATION_FORMAT = dwarf;
				ENABLE_STRICT_OBJC_MSGSEND = YES;
				ENABLE_TESTABILITY = YES;
				ENABLE_USER_SCRIPT_SANDBOXING = YES;
				GCC_C_LANGUAGE_STANDARD = gnu17;
				GCC_DYNAMIC_NO_PIC = NO;
				GCC_NO_COMMON_BLOCKS = YES;
				GCC_OPTIMIZATION_LEVEL = 0;
				GCC_PREPROCESSOR_DEFINITIONS = (
					"DEBUG=1",
					"$(inherited)",
				);
				GCC_WARN_64_TO_32_BIT_CONVERSION = YES;
				GCC_WARN_ABOUT_RETURN_TYPE = YES_ERROR;
				GCC_WARN_UNDECLARED_SELECTOR = YES;
				GCC_WARN_UNINITIALIZED_AUTOS = YES_AGGRESSIVE;
				GCC_WARN_UNUSED_FUNCTION = YES;
				GCC_WARN_UNUSED_VARIABLE = YES;
				IPHONEOS_DEPLOYMENT_TARGET = 14.0;
				LOCALIZATION_PREFERS_STRING_CATALOGS = YES;
				MTL_ENABLE_DEBUG_INFO = INCLUDE_SOURCE;
				MTL_FAST_MATH = YES;
				ONLY_ACTIVE_ARCH = YES;
				SDKROOT = iphoneos;
				SWIFT_ACTIVE_COMPILATION_CONDITIONS = "DEBUG $(inherited)";
				SWIFT_OPTIMIZATION_LEVEL = "-Onone";
			};
			name = Debug;
		};
		65F9E8772ABC0AFE0003E144 /* Release */ = {
			isa = XCBuildConfiguration;
			buildSettings = {
				ALWAYS_SEARCH_USER_PATHS = NO;
				ASSETCATALOG_COMPILER_GENERATE_SWIFT_ASSET_SYMBOL_EXTENSIONS = YES;
				CLANG_ANALYZER_NONNULL = YES;
				CLANG_ANALYZER_NUMBER_OBJECT_CONVERSION = YES_AGGRESSIVE;
				CLANG_CXX_LANGUAGE_STANDARD = "gnu++20";
				CLANG_ENABLE_MODULES = YES;
				CLANG_ENABLE_OBJC_ARC = YES;
				CLANG_ENABLE_OBJC_WEAK = YES;
				CLANG_WARN_BLOCK_CAPTURE_AUTORELEASING = YES;
				CLANG_WARN_BOOL_CONVERSION = YES;
				CLANG_WARN_COMMA = YES;
				CLANG_WARN_CONSTANT_CONVERSION = YES;
				CLANG_WARN_DEPRECATED_OBJC_IMPLEMENTATIONS = YES;
				CLANG_WARN_DIRECT_OBJC_ISA_USAGE = YES_ERROR;
				CLANG_WARN_DOCUMENTATION_COMMENTS = YES;
				CLANG_WARN_EMPTY_BODY = YES;
				CLANG_WARN_ENUM_CONVERSION = YES;
				CLANG_WARN_INFINITE_RECURSION = YES;
				CLANG_WARN_INT_CONVERSION = YES;
				CLANG_WARN_NON_LITERAL_NULL_CONVERSION = YES;
				CLANG_WARN_OBJC_IMPLICIT_RETAIN_SELF = YES;
				CLANG_WARN_OBJC_LITERAL_CONVERSION = YES;
				CLANG_WARN_OBJC_ROOT_CLASS = YES_ERROR;
				CLANG_WARN_QUOTED_INCLUDE_IN_FRAMEWORK_HEADER = YES;
				CLANG_WARN_RANGE_LOOP_ANALYSIS = YES;
				CLANG_WARN_STRICT_PROTOTYPES = YES;
				CLANG_WARN_SUSPICIOUS_MOVE = YES;
				CLANG_WARN_UNGUARDED_AVAILABILITY = YES_AGGRESSIVE;
				CLANG_WARN_UNREACHABLE_CODE = YES;
				CLANG_WARN__DUPLICATE_METHOD_MATCH = YES;
				COPY_PHASE_STRIP = NO;
				DEBUG_INFORMATION_FORMAT = "dwarf-with-dsym";
				ENABLE_NS_ASSERTIONS = NO;
				ENABLE_STRICT_OBJC_MSGSEND = YES;
				ENABLE_USER_SCRIPT_SANDBOXING = YES;
				GCC_C_LANGUAGE_STANDARD = gnu17;
				GCC_NO_COMMON_BLOCKS = YES;
				GCC_WARN_64_TO_32_BIT_CONVERSION = YES;
				GCC_WARN_ABOUT_RETURN_TYPE = YES_ERROR;
				GCC_WARN_UNDECLARED_SELECTOR = YES;
				GCC_WARN_UNINITIALIZED_AUTOS = YES_AGGRESSIVE;
				GCC_WARN_UNUSED_FUNCTION = YES;
				GCC_WARN_UNUSED_VARIABLE = YES;
				IPHONEOS_DEPLOYMENT_TARGET = 14.0;
				LOCALIZATION_PREFERS_STRING_CATALOGS = YES;
				MTL_ENABLE_DEBUG_INFO = NO;
				MTL_FAST_MATH = YES;
				SDKROOT = iphoneos;
				SWIFT_COMPILATION_MODE = wholemodule;
				VALIDATE_PRODUCT = YES;
			};
			name = Release;
		};
		65F9E8792ABC0AFE0003E144 /* Debug */ = {
			isa = XCBuildConfiguration;
			buildSettings = {
				ASSETCATALOG_COMPILER_APPICON_NAME = AppIcon;
				ASSETCATALOG_COMPILER_GLOBAL_ACCENT_COLOR_NAME = AccentColor;
				CODE_SIGN_STYLE = Automatic;
				CURRENT_PROJECT_VERSION = 1;
				DEVELOPMENT_TEAM = U7J6A6CHGG;
				GENERATE_INFOPLIST_FILE = YES;
				INFOPLIST_FILE = GHFollowers/Info.plist;
				INFOPLIST_KEY_UIApplicationSupportsIndirectInputEvents = YES;
				INFOPLIST_KEY_UILaunchStoryboardName = LaunchScreen;
				INFOPLIST_KEY_UISupportedInterfaceOrientations = UIInterfaceOrientationPortrait;
				INFOPLIST_KEY_UISupportedInterfaceOrientations_iPad = "UIInterfaceOrientationLandscapeLeft UIInterfaceOrientationLandscapeRight UIInterfaceOrientationPortrait UIInterfaceOrientationPortraitUpsideDown";
				LD_RUNPATH_SEARCH_PATHS = (
					"$(inherited)",
					"@executable_path/Frameworks",
				);
				MARKETING_VERSION = 1.0;
				PRODUCT_BUNDLE_IDENTIFIER = derekkim.GHFollowers;
				PRODUCT_NAME = "$(TARGET_NAME)";
				SWIFT_EMIT_LOC_STRINGS = YES;
				SWIFT_VERSION = 5.0;
				TARGETED_DEVICE_FAMILY = "1,2";
			};
			name = Debug;
		};
		65F9E87A2ABC0AFE0003E144 /* Release */ = {
			isa = XCBuildConfiguration;
			buildSettings = {
				ASSETCATALOG_COMPILER_APPICON_NAME = AppIcon;
				ASSETCATALOG_COMPILER_GLOBAL_ACCENT_COLOR_NAME = AccentColor;
				CODE_SIGN_STYLE = Automatic;
				CURRENT_PROJECT_VERSION = 1;
				DEVELOPMENT_TEAM = U7J6A6CHGG;
				GENERATE_INFOPLIST_FILE = YES;
				INFOPLIST_FILE = GHFollowers/Info.plist;
				INFOPLIST_KEY_UIApplicationSupportsIndirectInputEvents = YES;
				INFOPLIST_KEY_UILaunchStoryboardName = LaunchScreen;
				INFOPLIST_KEY_UISupportedInterfaceOrientations = UIInterfaceOrientationPortrait;
				INFOPLIST_KEY_UISupportedInterfaceOrientations_iPad = "UIInterfaceOrientationLandscapeLeft UIInterfaceOrientationLandscapeRight UIInterfaceOrientationPortrait UIInterfaceOrientationPortraitUpsideDown";
				LD_RUNPATH_SEARCH_PATHS = (
					"$(inherited)",
					"@executable_path/Frameworks",
				);
				MARKETING_VERSION = 1.0;
				PRODUCT_BUNDLE_IDENTIFIER = derekkim.GHFollowers;
				PRODUCT_NAME = "$(TARGET_NAME)";
				SWIFT_EMIT_LOC_STRINGS = YES;
				SWIFT_VERSION = 5.0;
				TARGETED_DEVICE_FAMILY = "1,2";
			};
			name = Release;
		};
/* End XCBuildConfiguration section */

/* Begin XCConfigurationList section */
		65F9E85F2ABC0AFD0003E144 /* Build configuration list for PBXProject "GHFollowers" */ = {
			isa = XCConfigurationList;
			buildConfigurations = (
				65F9E8762ABC0AFE0003E144 /* Debug */,
				65F9E8772ABC0AFE0003E144 /* Release */,
			);
			defaultConfigurationIsVisible = 0;
			defaultConfigurationName = Release;
		};
		65F9E8782ABC0AFE0003E144 /* Build configuration list for PBXNativeTarget "GHFollowers" */ = {
			isa = XCConfigurationList;
			buildConfigurations = (
				65F9E8792ABC0AFE0003E144 /* Debug */,
				65F9E87A2ABC0AFE0003E144 /* Release */,
			);
			defaultConfigurationIsVisible = 0;
			defaultConfigurationName = Release;
		};
/* End XCConfigurationList section */
	};
	rootObject = 65F9E85C2ABC0AFD0003E144 /* Project object */;
}
